// !$*UTF8*$!
{
	archiveVersion = 1;
	classes = {
	};
	objectVersion = 50;
	objects = {

/* Begin PBXBuildFile section */
		7FD01E75207B8222000E602A /* AppDelegate.swift in Sources */ = {isa = PBXBuildFile; fileRef = 7FD01E74207B8222000E602A /* AppDelegate.swift */; };
		7FD01E77207B8222000E602A /* ViewController.swift in Sources */ = {isa = PBXBuildFile; fileRef = 7FD01E76207B8222000E602A /* ViewController.swift */; };
		7FD01E7A207B8222000E602A /* Main.storyboard in Resources */ = {isa = PBXBuildFile; fileRef = 7FD01E78207B8222000E602A /* Main.storyboard */; };
		7FD01E7C207B8223000E602A /* Assets.xcassets in Resources */ = {isa = PBXBuildFile; fileRef = 7FD01E7B207B8223000E602A /* Assets.xcassets */; };
		7FD01E7F207B8223000E602A /* LaunchScreen.storyboard in Resources */ = {isa = PBXBuildFile; fileRef = 7FD01E7D207B8223000E602A /* LaunchScreen.storyboard */; };
		7FD01E8A207B8223000E602A /* testTests.swift in Sources */ = {isa = PBXBuildFile; fileRef = 7FD01E89207B8223000E602A /* testTests.swift */; };
		7FD01E95207B8223000E602A /* testUITests.swift in Sources */ = {isa = PBXBuildFile; fileRef = 7FD01E94207B8223000E602A /* testUITests.swift */; };
/* End PBXBuildFile section */

/* Begin PBXContainerItemProxy section */
		7FD01E86207B8223000E602A /* PBXContainerItemProxy */ = {
			isa = PBXContainerItemProxy;
			containerPortal = 7FD01E69207B8222000E602A /* Project object */;
			proxyType = 1;
			remoteGlobalIDString = 7FD01E70207B8222000E602A;
			remoteInfo = test;
		};
		7FD01E91207B8223000E602A /* PBXContainerItemProxy */ = {
			isa = PBXContainerItemProxy;
			containerPortal = 7FD01E69207B8222000E602A /* Project object */;
			proxyType = 1;
			remoteGlobalIDString = 7FD01E70207B8222000E602A;
			remoteInfo = test;
		};
/* End PBXContainerItemProxy section */

/* Begin PBXFileReference section */
		7FD01E71207B8222000E602A /* test.app */ = {isa = PBXFileReference; explicitFileType = wrapper.application; includeInIndex = 0; path = test.app; sourceTree = BUILT_PRODUCTS_DIR; };
		7FD01E74207B8222000E602A /* AppDelegate.swift */ = {isa = PBXFileReference; lastKnownFileType = sourcecode.swift; path = AppDelegate.swift; sourceTree = "<group>"; };
		7FD01E76207B8222000E602A /* ViewController.swift */ = {isa = PBXFileReference; lastKnownFileType = sourcecode.swift; path = ViewController.swift; sourceTree = "<group>"; };
		7FD01E79207B8222000E602A /* Base */ = {isa = PBXFileReference; lastKnownFileType = file.storyboard; name = Base; path = Base.lproj/Main.storyboard; sourceTree = "<group>"; };
		7FD01E7B207B8223000E602A /* Assets.xcassets */ = {isa = PBXFileReference; lastKnownFileType = folder.assetcatalog; path = Assets.xcassets; sourceTree = "<group>"; };
		7FD01E7E207B8223000E602A /* Base */ = {isa = PBXFileReference; lastKnownFileType = file.storyboard; name = Base; path = Base.lproj/LaunchScreen.storyboard; sourceTree = "<group>"; };
		7FD01E80207B8223000E602A /* Info.plist */ = {isa = PBXFileReference; lastKnownFileType = text.plist.xml; path = Info.plist; sourceTree = "<group>"; };
		7FD01E85207B8223000E602A /* testTests.xctest */ = {isa = PBXFileReference; explicitFileType = wrapper.cfbundle; includeInIndex = 0; path = testTests.xctest; sourceTree = BUILT_PRODUCTS_DIR; };
		7FD01E89207B8223000E602A /* testTests.swift */ = {isa = PBXFileReference; lastKnownFileType = sourcecode.swift; path = testTests.swift; sourceTree = "<group>"; };
		7FD01E8B207B8223000E602A /* Info.plist */ = {isa = PBXFileReference; lastKnownFileType = text.plist.xml; path = Info.plist; sourceTree = "<group>"; };
		7FD01E90207B8223000E602A /* testUITests.xctest */ = {isa = PBXFileReference; explicitFileType = wrapper.cfbundle; includeInIndex = 0; path = testUITests.xctest; sourceTree = BUILT_PRODUCTS_DIR; };
		7FD01E94207B8223000E602A /* testUITests.swift */ = {isa = PBXFileReference; lastKnownFileType = sourcecode.swift; path = testUITests.swift; sourceTree = "<group>"; };
		7FD01E96207B8223000E602A /* Info.plist */ = {isa = PBXFileReference; lastKnownFileType = text.plist.xml; path = Info.plist; sourceTree = "<group>"; };
/* End PBXFileReference section */

/* Begin PBXFrameworksBuildPhase section */
		7FD01E6E207B8222000E602A /* Frameworks */ = {
			isa = PBXFrameworksBuildPhase;
			buildActionMask = 2147483647;
			files = (
			);
			runOnlyForDeploymentPostprocessing = 0;
		};
		7FD01E82207B8223000E602A /* Frameworks */ = {
			isa = PBXFrameworksBuildPhase;
			buildActionMask = 2147483647;
			files = (
			);
			runOnlyForDeploymentPostprocessing = 0;
		};
		7FD01E8D207B8223000E602A /* Frameworks */ = {
			isa = PBXFrameworksBuildPhase;
			buildActionMask = 2147483647;
			files = (
			);
			runOnlyForDeploymentPostprocessing = 0;
		};
/* End PBXFrameworksBuildPhase section */

/* Begin PBXGroup section */
		7FD01E68207B8222000E602A = {
			isa = PBXGroup;
			children = (
				7FD01E73207B8222000E602A /* test */,
				7FD01E88207B8223000E602A /* testTests */,
				7FD01E93207B8223000E602A /* testUITests */,
				7FD01E72207B8222000E602A /* Products */,
			);
			sourceTree = "<group>";
		};
		7FD01E72207B8222000E602A /* Products */ = {
			isa = PBXGroup;
			children = (
				7FD01E71207B8222000E602A /* test.app */,
				7FD01E85207B8223000E602A /* testTests.xctest */,
				7FD01E90207B8223000E602A /* testUITests.xctest */,
			);
			name = Products;
			sourceTree = "<group>";
		};
		7FD01E73207B8222000E602A /* test */ = {
			isa = PBXGroup;
			children = (
				7FD01E74207B8222000E602A /* AppDelegate.swift */,
				7FD01E76207B8222000E602A /* ViewController.swift */,
				7FD01E78207B8222000E602A /* Main.storyboard */,
				7FD01E7B207B8223000E602A /* Assets.xcassets */,
				7FD01E7D207B8223000E602A /* LaunchScreen.storyboard */,
				7FD01E80207B8223000E602A /* Info.plist */,
			);
			path = test;
			sourceTree = "<group>";
		};
		7FD01E88207B8223000E602A /* testTests */ = {
			isa = PBXGroup;
			children = (
				7FD01E89207B8223000E602A /* testTests.swift */,
				7FD01E8B207B8223000E602A /* Info.plist */,
			);
			path = testTests;
			sourceTree = "<group>";
		};
		7FD01E93207B8223000E602A /* testUITests */ = {
			isa = PBXGroup;
			children = (
				7FD01E94207B8223000E602A /* testUITests.swift */,
				7FD01E96207B8223000E602A /* Info.plist */,
			);
			path = testUITests;
			sourceTree = "<group>";
		};
/* End PBXGroup section */

/* Begin PBXNativeTarget section */
		7FD01E70207B8222000E602A /* test */ = {
			isa = PBXNativeTarget;
			buildConfigurationList = 7FD01E99207B8223000E602A /* Build configuration list for PBXNativeTarget "test" */;
			buildPhases = (
				7FD01E6D207B8222000E602A /* Sources */,
				7FD01E6E207B8222000E602A /* Frameworks */,
				7FD01E6F207B8222000E602A /* Resources */,
			);
			buildRules = (
			);
			dependencies = (
			);
			name = test;
			productName = test;
			productReference = 7FD01E71207B8222000E602A /* test.app */;
			productType = "com.apple.product-type.application";
		};
		7FD01E84207B8223000E602A /* testTests */ = {
			isa = PBXNativeTarget;
			buildConfigurationList = 7FD01E9C207B8223000E602A /* Build configuration list for PBXNativeTarget "testTests" */;
			buildPhases = (
				7FD01E81207B8223000E602A /* Sources */,
				7FD01E82207B8223000E602A /* Frameworks */,
				7FD01E83207B8223000E602A /* Resources */,
			);
			buildRules = (
			);
			dependencies = (
				7FD01E87207B8223000E602A /* PBXTargetDependency */,
			);
			name = testTests;
			productName = testTests;
			productReference = 7FD01E85207B8223000E602A /* testTests.xctest */;
			productType = "com.apple.product-type.bundle.unit-test";
		};
		7FD01E8F207B8223000E602A /* testUITests */ = {
			isa = PBXNativeTarget;
			buildConfigurationList = 7FD01E9F207B8223000E602A /* Build configuration list for PBXNativeTarget "testUITests" */;
			buildPhases = (
				7FD01E8C207B8223000E602A /* Sources */,
				7FD01E8D207B8223000E602A /* Frameworks */,
				7FD01E8E207B8223000E602A /* Resources */,
			);
			buildRules = (
			);
			dependencies = (
				7FD01E92207B8223000E602A /* PBXTargetDependency */,
			);
			name = testUITests;
			productName = testUITests;
			productReference = 7FD01E90207B8223000E602A /* testUITests.xctest */;
			productType = "com.apple.product-type.bundle.ui-testing";
		};
/* End PBXNativeTarget section */

/* Begin PBXProject section */
		7FD01E69207B8222000E602A /* Project object */ = {
			isa = PBXProject;
			attributes = {
				LastSwiftUpdateCheck = 0930;
				LastUpgradeCheck = 0930;
				ORGANIZATIONNAME = "reo harada";
				TargetAttributes = {
					7FD01E70207B8222000E602A = {
						CreatedOnToolsVersion = 9.3;
					};
					7FD01E84207B8223000E602A = {
						CreatedOnToolsVersion = 9.3;
						TestTargetID = 7FD01E70207B8222000E602A;
					};
					7FD01E8F207B8223000E602A = {
						CreatedOnToolsVersion = 9.3;
						TestTargetID = 7FD01E70207B8222000E602A;
					};
				};
			};
			buildConfigurationList = 7FD01E6C207B8222000E602A /* Build configuration list for PBXProject "test" */;
			compatibilityVersion = "Xcode 9.3";
			developmentRegion = en;
			hasScannedForEncodings = 0;
			knownRegions = (
				en,
				Base,
			);
			mainGroup = 7FD01E68207B8222000E602A;
			productRefGroup = 7FD01E72207B8222000E602A /* Products */;
			projectDirPath = "";
			projectRoot = "";
			targets = (
				7FD01E70207B8222000E602A /* test */,
				7FD01E84207B8223000E602A /* testTests */,
				7FD01E8F207B8223000E602A /* testUITests */,
			);
		};
/* End PBXProject section */

/* Begin PBXResourcesBuildPhase section */
		7FD01E6F207B8222000E602A /* Resources */ = {
			isa = PBXResourcesBuildPhase;
			buildActionMask = 2147483647;
			files = (
				7FD01E7F207B8223000E602A /* LaunchScreen.storyboard in Resources */,
				7FD01E7C207B8223000E602A /* Assets.xcassets in Resources */,
				7FD01E7A207B8222000E602A /* Main.storyboard in Resources */,
			);
			runOnlyForDeploymentPostprocessing = 0;
		};
		7FD01E83207B8223000E602A /* Resources */ = {
			isa = PBXResourcesBuildPhase;
			buildActionMask = 2147483647;
			files = (
			);
			runOnlyForDeploymentPostprocessing = 0;
		};
		7FD01E8E207B8223000E602A /* Resources */ = {
			isa = PBXResourcesBuildPhase;
			buildActionMask = 2147483647;
			files = (
			);
			runOnlyForDeploymentPostprocessing = 0;
		};
/* End PBXResourcesBuildPhase section */

/* Begin PBXSourcesBuildPhase section */
		7FD01E6D207B8222000E602A /* Sources */ = {
			isa = PBXSourcesBuildPhase;
			buildActionMask = 2147483647;
			files = (
				7FD01E77207B8222000E602A /* ViewController.swift in Sources */,
				7FD01E75207B8222000E602A /* AppDelegate.swift in Sources */,
			);
			runOnlyForDeploymentPostprocessing = 0;
		};
		7FD01E81207B8223000E602A /* Sources */ = {
			isa = PBXSourcesBuildPhase;
			buildActionMask = 2147483647;
			files = (
				7FD01E8A207B8223000E602A /* testTests.swift in Sources */,
			);
			runOnlyForDeploymentPostprocessing = 0;
		};
		7FD01E8C207B8223000E602A /* Sources */ = {
			isa = PBXSourcesBuildPhase;
			buildActionMask = 2147483647;
			files = (
				7FD01E95207B8223000E602A /* testUITests.swift in Sources */,
			);
			runOnlyForDeploymentPostprocessing = 0;
		};
/* End PBXSourcesBuildPhase section */

/* Begin PBXTargetDependency section */
		7FD01E87207B8223000E602A /* PBXTargetDependency */ = {
			isa = PBXTargetDependency;
			target = 7FD01E70207B8222000E602A /* test */;
			targetProxy = 7FD01E86207B8223000E602A /* PBXContainerItemProxy */;
		};
		7FD01E92207B8223000E602A /* PBXTargetDependency */ = {
			isa = PBXTargetDependency;
			target = 7FD01E70207B8222000E602A /* test */;
			targetProxy = 7FD01E91207B8223000E602A /* PBXContainerItemProxy */;
		};
/* End PBXTargetDependency section */

/* Begin PBXVariantGroup section */
		7FD01E78207B8222000E602A /* Main.storyboard */ = {
			isa = PBXVariantGroup;
			children = (
				7FD01E79207B8222000E602A /* Base */,
			);
			name = Main.storyboard;
			sourceTree = "<group>";
		};
		7FD01E7D207B8223000E602A /* LaunchScreen.storyboard */ = {
			isa = PBXVariantGroup;
			children = (
				7FD01E7E207B8223000E602A /* Base */,
			);
			name = LaunchScreen.storyboard;
			sourceTree = "<group>";
		};
/* End PBXVariantGroup section */

/* Begin XCBuildConfiguration section */
		7FD01E97207B8223000E602A /* Debug */ = {
			isa = XCBuildConfiguration;
			buildSettings = {
				ALWAYS_SEARCH_USER_PATHS = NO;
				CLANG_ANALYZER_NONNULL = YES;
				CLANG_ANALYZER_NUMBER_OBJECT_CONVERSION = YES_AGGRESSIVE;
				CLANG_CXX_LANGUAGE_STANDARD = "gnu++14";
				CLANG_CXX_LIBRARY = "libc++";
				CLANG_ENABLE_MODULES = YES;
				CLANG_ENABLE_OBJC_ARC = YES;
				CLANG_ENABLE_OBJC_WEAK = YES;
				CLANG_WARN_BLOCK_CAPTURE_AUTORELEASING = YES;
				CLANG_WARN_BOOL_CONVERSION = YES;
				CLANG_WARN_COMMA = YES;
				CLANG_WARN_CONSTANT_CONVERSION = YES;
				CLANG_WARN_DEPRECATED_OBJC_IMPLEMENTATIONS = YES;
				CLANG_WARN_DIRECT_OBJC_ISA_USAGE = YES_ERROR;
				CLANG_WARN_DOCUMENTATION_COMMENTS = YES;
				CLANG_WARN_EMPTY_BODY = YES;
				CLANG_WARN_ENUM_CONVERSION = YES;
				CLANG_WARN_INFINITE_RECURSION = YES;
				CLANG_WARN_INT_CONVERSION = YES;
				CLANG_WARN_NON_LITERAL_NULL_CONVERSION = YES;
				CLANG_WARN_OBJC_IMPLICIT_RETAIN_SELF = YES;
				CLANG_WARN_OBJC_LITERAL_CONVERSION = YES;
				CLANG_WARN_OBJC_ROOT_CLASS = YES_ERROR;
				CLANG_WARN_RANGE_LOOP_ANALYSIS = YES;
				CLANG_WARN_STRICT_PROTOTYPES = YES;
				CLANG_WARN_SUSPICIOUS_MOVE = YES;
				CLANG_WARN_UNGUARDED_AVAILABILITY = YES_AGGRESSIVE;
				CLANG_WARN_UNREACHABLE_CODE = YES;
				CLANG_WARN__DUPLICATE_METHOD_MATCH = YES;
				CODE_SIGN_IDENTITY = "iPhone Developer";
				COPY_PHASE_STRIP = NO;
				DEBUG_INFORMATION_FORMAT = dwarf;
				ENABLE_STRICT_OBJC_MSGSEND = YES;
				ENABLE_TESTABILITY = YES;
				GCC_C_LANGUAGE_STANDARD = gnu11;
				GCC_DYNAMIC_NO_PIC = NO;
				GCC_NO_COMMON_BLOCKS = YES;
				GCC_OPTIMIZATION_LEVEL = 0;
				GCC_PREPROCESSOR_DEFINITIONS = (
					"DEBUG=1",
					"$(inherited)",
				);
				GCC_WARN_64_TO_32_BIT_CONVERSION = YES;
				GCC_WARN_ABOUT_RETURN_TYPE = YES_ERROR;
				GCC_WARN_UNDECLARED_SELECTOR = YES;
				GCC_WARN_UNINITIALIZED_AUTOS = YES_AGGRESSIVE;
				GCC_WARN_UNUSED_FUNCTION = YES;
				GCC_WARN_UNUSED_VARIABLE = YES;
				IPHONEOS_DEPLOYMENT_TARGET = 11.3;
				MTL_ENABLE_DEBUG_INFO = YES;
				ONLY_ACTIVE_ARCH = YES;
				SDKROOT = iphoneos;
				SWIFT_ACTIVE_COMPILATION_CONDITIONS = DEBUG;
				SWIFT_OPTIMIZATION_LEVEL = "-Onone";
			};
			name = Debug;
		};
		7FD01E98207B8223000E602A /* Release */ = {
			isa = XCBuildConfiguration;
			buildSettings = {
				ALWAYS_SEARCH_USER_PATHS = NO;
				CLANG_ANALYZER_NONNULL = YES;
				CLANG_ANALYZER_NUMBER_OBJECT_CONVERSION = YES_AGGRESSIVE;
				CLANG_CXX_LANGUAGE_STANDARD = "gnu++14";
				CLANG_CXX_LIBRARY = "libc++";
				CLANG_ENABLE_MODULES = YES;
				CLANG_ENABLE_OBJC_ARC = YES;
				CLANG_ENABLE_OBJC_WEAK = YES;
				CLANG_WARN_BLOCK_CAPTURE_AUTORELEASING = YES;
				CLANG_WARN_BOOL_CONVERSION = YES;
				CLANG_WARN_COMMA = YES;
				CLANG_WARN_CONSTANT_CONVERSION = YES;
				CLANG_WARN_DEPRECATED_OBJC_IMPLEMENTATIONS = YES;
				CLANG_WARN_DIRECT_OBJC_ISA_USAGE = YES_ERROR;
				CLANG_WARN_DOCUMENTATION_COMMENTS = YES;
				CLANG_WARN_EMPTY_BODY = YES;
				CLANG_WARN_ENUM_CONVERSION = YES;
				CLANG_WARN_INFINITE_RECURSION = YES;
				CLANG_WARN_INT_CONVERSION = YES;
				CLANG_WARN_NON_LITERAL_NULL_CONVERSION = YES;
				CLANG_WARN_OBJC_IMPLICIT_RETAIN_SELF = YES;
				CLANG_WARN_OBJC_LITERAL_CONVERSION = YES;
				CLANG_WARN_OBJC_ROOT_CLASS = YES_ERROR;
				CLANG_WARN_RANGE_LOOP_ANALYSIS = YES;
				CLANG_WARN_STRICT_PROTOTYPES = YES;
				CLANG_WARN_SUSPICIOUS_MOVE = YES;
				CLANG_WARN_UNGUARDED_AVAILABILITY = YES_AGGRESSIVE;
				CLANG_WARN_UNREACHABLE_CODE = YES;
				CLANG_WARN__DUPLICATE_METHOD_MATCH = YES;
				CODE_SIGN_IDENTITY = "iPhone Developer";
				COPY_PHASE_STRIP = NO;
				DEBUG_INFORMATION_FORMAT = "dwarf-with-dsym";
				ENABLE_NS_ASSERTIONS = NO;
				ENABLE_STRICT_OBJC_MSGSEND = YES;
				GCC_C_LANGUAGE_STANDARD = gnu11;
				GCC_NO_COMMON_BLOCKS = YES;
				GCC_WARN_64_TO_32_BIT_CONVERSION = YES;
				GCC_WARN_ABOUT_RETURN_TYPE = YES_ERROR;
				GCC_WARN_UNDECLARED_SELECTOR = YES;
				GCC_WARN_UNINITIALIZED_AUTOS = YES_AGGRESSIVE;
				GCC_WARN_UNUSED_FUNCTION = YES;
				GCC_WARN_UNUSED_VARIABLE = YES;
				IPHONEOS_DEPLOYMENT_TARGET = 11.3;
				MTL_ENABLE_DEBUG_INFO = NO;
				SDKROOT = iphoneos;
				SWIFT_COMPILATION_MODE = wholemodule;
				SWIFT_OPTIMIZATION_LEVEL = "-O";
				VALIDATE_PRODUCT = YES;
			};
			name = Release;
		};
		7FD01E9A207B8223000E602A /* Debug */ = {
			isa = XCBuildConfiguration;
			buildSettings = {
				ASSETCATALOG_COMPILER_APPICON_NAME = AppIcon;
				CODE_SIGN_STYLE = Automatic;
				INFOPLIST_FILE = test/Info.plist;
				LD_RUNPATH_SEARCH_PATHS = (
					"$(inherited)",
					"@executable_path/Frameworks",
				);
				PRODUCT_BUNDLE_IDENTIFIER = AppAcademia.test;
				PRODUCT_NAME = "$(TARGET_NAME)";
				SWIFT_VERSION = 4.0;
				TARGETED_DEVICE_FAMILY = "1,2";
			};
			name = Debug;
		};
		7FD01E9B207B8223000E602A /* Release */ = {
			isa = XCBuildConfiguration;
			buildSettings = {
				ASSETCATALOG_COMPILER_APPICON_NAME = AppIcon;
				CODE_SIGN_STYLE = Automatic;
				INFOPLIST_FILE = test/Info.plist;
				LD_RUNPATH_SEARCH_PATHS = (
					"$(inherited)",
					"@executable_path/Frameworks",
				);
				PRODUCT_BUNDLE_IDENTIFIER = AppAcademia.test;
				PRODUCT_NAME = "$(TARGET_NAME)";
				SWIFT_VERSION = 4.0;
				TARGETED_DEVICE_FAMILY = "1,2";
			};
			name = Release;
		};
		7FD01E9D207B8223000E602A /* Debug */ = {
			isa = XCBuildConfiguration;
			buildSettings = {
				ALWAYS_EMBED_SWIFT_STANDARD_LIBRARIES = YES;
				BUNDLE_LOADER = "$(TEST_HOST)";
				CODE_SIGN_STYLE = Automatic;
				INFOPLIST_FILE = testTests/Info.plist;
				LD_RUNPATH_SEARCH_PATHS = (
					"$(inherited)",
					"@executable_path/Frameworks",
					"@loader_path/Frameworks",
				);
				PRODUCT_BUNDLE_IDENTIFIER = AppAcademia.testTests;
				PRODUCT_NAME = "$(TARGET_NAME)";
				SWIFT_VERSION = 4.0;
				TARGETED_DEVICE_FAMILY = "1,2";
				TEST_HOST = "$(BUILT_PRODUCTS_DIR)/test.app/test";
			};
			name = Debug;
		};
		7FD01E9E207B8223000E602A /* Release */ = {
			isa = XCBuildConfiguration;
			buildSettings = {
				ALWAYS_EMBED_SWIFT_STANDARD_LIBRARIES = YES;
				BUNDLE_LOADER = "$(TEST_HOST)";
				CODE_SIGN_STYLE = Automatic;
				INFOPLIST_FILE = testTests/Info.plist;
				LD_RUNPATH_SEARCH_PATHS = (
					"$(inherited)",
					"@executable_path/Frameworks",
					"@loader_path/Frameworks",
				);
				PRODUCT_BUNDLE_IDENTIFIER = AppAcademia.testTests;
				PRODUCT_NAME = "$(TARGET_NAME)";
				SWIFT_VERSION = 4.0;
				TARGETED_DEVICE_FAMILY = "1,2";
				TEST_HOST = "$(BUILT_PRODUCTS_DIR)/test.app/test";
			};
			name = Release;
		};
		7FD01EA0207B8223000E602A /* Debug */ = {
			isa = XCBuildConfiguration;
			buildSettings = {
				ALWAYS_EMBED_SWIFT_STANDARD_LIBRARIES = YES;
				CODE_SIGN_STYLE = Automatic;
				INFOPLIST_FILE = testUITests/Info.plist;
				LD_RUNPATH_SEARCH_PATHS = (
					"$(inherited)",
					"@executable_path/Frameworks",
					"@loader_path/Frameworks",
				);
				PRODUCT_BUNDLE_IDENTIFIER = AppAcademia.testUITests;
				PRODUCT_NAME = "$(TARGET_NAME)";
				SWIFT_VERSION = 4.0;
				TARGETED_DEVICE_FAMILY = "1,2";
				TEST_TARGET_NAME = test;
			};
			name = Debug;
		};
		7FD01EA1207B8223000E602A /* Release */ = {
			isa = XCBuildConfiguration;
			buildSettings = {
				ALWAYS_EMBED_SWIFT_STANDARD_LIBRARIES = YES;
				CODE_SIGN_STYLE = Automatic;
				INFOPLIST_FILE = testUITests/Info.plist;
				LD_RUNPATH_SEARCH_PATHS = (
					"$(inherited)",
					"@executable_path/Frameworks",
					"@loader_path/Frameworks",
				);
				PRODUCT_BUNDLE_IDENTIFIER = AppAcademia.testUITests;
				PRODUCT_NAME = "$(TARGET_NAME)";
				SWIFT_VERSION = 4.0;
				TARGETED_DEVICE_FAMILY = "1,2";
				TEST_TARGET_NAME = test;
			};
			name = Release;
		};
/* End XCBuildConfiguration section */

/* Begin XCConfigurationList section */
		7FD01E6C207B8222000E602A /* Build configuration list for PBXProject "test" */ = {
			isa = XCConfigurationList;
			buildConfigurations = (
				7FD01E97207B8223000E602A /* Debug */,
				7FD01E98207B8223000E602A /* Release */,
			);
			defaultConfigurationIsVisible = 0;
			defaultConfigurationName = Release;
		};
		7FD01E99207B8223000E602A /* Build configuration list for PBXNativeTarget "test" */ = {
			isa = XCConfigurationList;
			buildConfigurations = (
				7FD01E9A207B8223000E602A /* Debug */,
				7FD01E9B207B8223000E602A /* Release */,
			);
			defaultConfigurationIsVisible = 0;
			defaultConfigurationName = Release;
		};
		7FD01E9C207B8223000E602A /* Build configuration list for PBXNativeTarget "testTests" */ = {
			isa = XCConfigurationList;
			buildConfigurations = (
				7FD01E9D207B8223000E602A /* Debug */,
				7FD01E9E207B8223000E602A /* Release */,
			);
			defaultConfigurationIsVisible = 0;
			defaultConfigurationName = Release;
		};
		7FD01E9F207B8223000E602A /* Build configuration list for PBXNativeTarget "testUITests" */ = {
			isa = XCConfigurationList;
			buildConfigurations = (
				7FD01EA0207B8223000E602A /* Debug */,
				7FD01EA1207B8223000E602A /* Release */,
			);
			defaultConfigurationIsVisible = 0;
			defaultConfigurationName = Release;
		};
/* End XCConfigurationList section */
	};
	rootObject = 7FD01E69207B8222000E602A /* Project object */;
}
